
Microsoft Visual Studio Solution File, Format Version 12.00
# Visual Studio 15
VisualStudioVersion = 15.0.26124.0
MinimumVisualStudioVersion = 15.0.26124.0
Project("{2150E333-8FDC-42A3-9474-1A3956D46DE8}") = "src", "src", "{64383DF2-D0EC-494E-97D6-05CB8C805706}"
EndProject
Project("{FAE04EC0-301F-11D3-BF4B-00C04F79EFBC}") = "mo-gen", "src\mo-gen\mo-gen.csproj", "{BDD53FCC-6E33-4ADC-BAA5-348C3FF835F9}"
EndProject
Project("{2150E333-8FDC-42A3-9474-1A3956D46DE8}") = "test", "test", "{34629806-85A3-4395-9FB2-D21883BB7382}"
EndProject
Project("{FAE04EC0-301F-11D3-BF4B-00C04F79EFBC}") = "mo_gen_test_project", "test\mo_gen_test_project\mo_gen_test_project.csproj", "{E0C21787-A3F0-4EEA-B60E-D59712FC796D}"
EndProject
Global
	GlobalSection(SolutionConfigurationPlatforms) = preSolution
		Debug|Any CPU = Debug|Any CPU
		Debug|x64 = Debug|x64
		Debug|x86 = Debug|x86
		Release|Any CPU = Release|Any CPU
		Release|x64 = Release|x64
		Release|x86 = Release|x86
	EndGlobalSection
	GlobalSection(SolutionProperties) = preSolution
		HideSolutionNode = FALSE
	EndGlobalSection
	GlobalSection(ProjectConfigurationPlatforms) = postSolution
		{BDD53FCC-6E33-4ADC-BAA5-348C3FF835F9}.Debug|Any CPU.ActiveCfg = Debug|Any CPU
		{BDD53FCC-6E33-4ADC-BAA5-348C3FF835F9}.Debug|Any CPU.Build.0 = Debug|Any CPU
		{BDD53FCC-6E33-4ADC-BAA5-348C3FF835F9}.Debug|x64.ActiveCfg = Debug|Any CPU
		{BDD53FCC-6E33-4ADC-BAA5-348C3FF835F9}.Debug|x64.Build.0 = Debug|Any CPU
		{BDD53FCC-6E33-4ADC-BAA5-348C3FF835F9}.Debug|x86.ActiveCfg = Debug|Any CPU
		{BDD53FCC-6E33-4ADC-BAA5-348C3FF835F9}.Debug|x86.Build.0 = Debug|Any CPU
		{BDD53FCC-6E33-4ADC-BAA5-348C3FF835F9}.Release|Any CPU.ActiveCfg = Release|Any CPU
		{BDD53FCC-6E33-4ADC-BAA5-348C3FF835F9}.Release|Any CPU.Build.0 = Release|Any CPU
		{BDD53FCC-6E33-4ADC-BAA5-348C3FF835F9}.Release|x64.ActiveCfg = Release|Any CPU
		{BDD53FCC-6E33-4ADC-BAA5-348C3FF835F9}.Release|x64.Build.0 = Release|Any CPU
		{BDD53FCC-6E33-4ADC-BAA5-348C3FF835F9}.Release|x86.ActiveCfg = Release|Any CPU
		{BDD53FCC-6E33-4ADC-BAA5-348C3FF835F9}.Release|x86.Build.0 = Release|Any CPU
		{E0C21787-A3F0-4EEA-B60E-D59712FC796D}.Debug|Any CPU.ActiveCfg = Debug|Any CPU
		{E0C21787-A3F0-4EEA-B60E-D59712FC796D}.Debug|Any CPU.Build.0 = Debug|Any CPU
		{E0C21787-A3F0-4EEA-B60E-D59712FC796D}.Debug|x64.ActiveCfg = Debug|Any CPU
		{E0C21787-A3F0-4EEA-B60E-D59712FC796D}.Debug|x64.Build.0 = Debug|Any CPU
		{E0C21787-A3F0-4EEA-B60E-D59712FC796D}.Debug|x86.ActiveCfg = Debug|Any CPU
		{E0C21787-A3F0-4EEA-B60E-D59712FC796D}.Debug|x86.Build.0 = Debug|Any CPU
		{E0C21787-A3F0-4EEA-B60E-D59712FC796D}.Release|Any CPU.ActiveCfg = Release|Any CPU
		{E0C21787-A3F0-4EEA-B60E-D59712FC796D}.Release|Any CPU.Build.0 = Release|Any CPU
		{E0C21787-A3F0-4EEA-B60E-D59712FC796D}.Release|x64.ActiveCfg = Release|Any CPU
		{E0C21787-A3F0-4EEA-B60E-D59712FC796D}.Release|x64.Build.0 = Release|Any CPU
		{E0C21787-A3F0-4EEA-B60E-D59712FC796D}.Release|x86.ActiveCfg = Release|Any CPU
		{E0C21787-A3F0-4EEA-B60E-D59712FC796D}.Release|x86.Build.0 = Release|Any CPU
	EndGlobalSection
	GlobalSection(NestedProjects) = preSolution
		{BDD53FCC-6E33-4ADC-BAA5-348C3FF835F9} = {64383DF2-D0EC-494E-97D6-05CB8C805706}
		{E0C21787-A3F0-4EEA-B60E-D59712FC796D} = {34629806-85A3-4395-9FB2-D21883BB7382}
	EndGlobalSection
EndGlobal
